# This file is automatically @generated by Cargo.
# It is not intended for manual editing.
version = 4

[[package]]
name = "mdream"
version = "1.1.0"
source = "registry+https://github.com/rust-lang/crates.io-index"
checksum = "901269f271f4afceb9d0ecab35b81c83a9a7fab4be5f9b26a12057f4a22ffb9b"

[[package]]
name = "mdream-wrapper"
version = "0.1.0"
dependencies = [
 "mdream",
]
